
Microsoft Visual Studio Solution File, Format Version 12.00
# Visual Studio Version 17
VisualStudioVersion = 17.1.32407.343
MinimumVisualStudioVersion = 10.0.40219.1
Project("{FAE04EC0-301F-11D3-BF4B-00C04F79EFBC}") = "LearningArrays", "LearningArrays\LearningArrays.csproj", "{C6CB9CE5-86CF-44E3-BCC7-38A758EA0965}"
EndProject
Global
	GlobalSection(SolutionConfigurationPlatforms) = preSolution
		Debug|Any CPU = Debug|Any CPU
		Release|Any CPU = Release|Any CPU
	EndGlobalSection
	GlobalSection(ProjectConfigurationPlatforms) = postSolution
		{C6CB9CE5-86CF-44E3-BCC7-38A758EA0965}.Debug|Any CPU.ActiveCfg = Debug|Any CPU
		{C6CB9CE5-86CF-44E3-BCC7-38A758EA0965}.Debug|Any CPU.Build.0 = Debug|Any CPU
		{C6CB9CE5-86CF-44E3-BCC7-38A758EA0965}.Release|Any CPU.ActiveCfg = Release|Any CPU
		{C6CB9CE5-86CF-44E3-BCC7-38A758EA0965}.Release|Any CPU.Build.0 = Release|Any CPU
	EndGlobalSection
	GlobalSection(SolutionProperties) = preSolution
		HideSolutionNode = FALSE
	EndGlobalSection
	GlobalSection(ExtensibilityGlobals) = postSolution
		SolutionGuid = {B22A3674-D893-43A6-8190-90F24D93150D}
	EndGlobalSection
EndGlobal
